# This file is automatically @generated by Cargo.
# It is not intended for manual editing.
[[package]]
name = "i_var"
version = "0.1.0"
dependencies = [
 "wait_group 0.1.0",
]

[[package]]
name = "pi_chan"
version = "0.1.0"

[[package]]
name = "prop_cell"
version = "0.1.0"

[[package]]
name = "spark"
version = "0.1.0"
dependencies = [
 "pi_chan 0.1.0",
]

[[package]]
name = "wait_group"
version = "0.1.0"

